
Microsoft Visual Studio Solution File, Format Version 12.00
# Visual Studio Version 16
VisualStudioVersion = 16.0.31624.102
MinimumVisualStudioVersion = 10.0.40219.1
Project("{9A19103F-16F7-4668-BE54-9A1E7A4F7556}") = "ProEventos.API", "ProEventos.API.csproj", "{76FE6F20-61C6-469B-8E54-6D555CFE84D7}"
EndProject
Global
	GlobalSection(SolutionConfigurationPlatforms) = preSolution
		Debug|Any CPU = Debug|Any CPU
		Release|Any CPU = Release|Any CPU
	EndGlobalSection
	GlobalSection(ProjectConfigurationPlatforms) = postSolution
		{76FE6F20-61C6-469B-8E54-6D555CFE84D7}.Debug|Any CPU.ActiveCfg = Debug|Any CPU
		{76FE6F20-61C6-469B-8E54-6D555CFE84D7}.Debug|Any CPU.Build.0 = Debug|Any CPU
		{76FE6F20-61C6-469B-8E54-6D555CFE84D7}.Release|Any CPU.ActiveCfg = Release|Any CPU
		{76FE6F20-61C6-469B-8E54-6D555CFE84D7}.Release|Any CPU.Build.0 = Release|Any CPU
	EndGlobalSection
	GlobalSection(SolutionProperties) = preSolution
		HideSolutionNode = FALSE
	EndGlobalSection
	GlobalSection(ExtensibilityGlobals) = postSolution
		SolutionGuid = {108FA0C1-DBFF-4B29-83E1-0CE6002AB2C5}
	EndGlobalSection
EndGlobal
